
Microsoft Visual Studio Solution File, Format Version 12.00
# Visual Studio Version 17
VisualStudioVersion = 17.14.36414.22 d17.14
MinimumVisualStudioVersion = 10.0.40219.1
Project("{FAE04EC0-301F-11D3-BF4B-00C04F79EFBC}") = "Rebekah-As-A-Service", "Rebekah-As-A-Service.csproj", "{304A48A8-5154-4FF8-934E-24B16B5F94EA}"
EndProject
Global
	GlobalSection(SolutionConfigurationPlatforms) = preSolution
		Debug|Any CPU = Debug|Any CPU
		Release|Any CPU = Release|Any CPU
	EndGlobalSection
	GlobalSection(ProjectConfigurationPlatforms) = postSolution
		{304A48A8-5154-4FF8-934E-24B16B5F94EA}.Debug|Any CPU.ActiveCfg = Debug|Any CPU
		{304A48A8-5154-4FF8-934E-24B16B5F94EA}.Debug|Any CPU.Build.0 = Debug|Any CPU
		{304A48A8-5154-4FF8-934E-24B16B5F94EA}.Release|Any CPU.ActiveCfg = Release|Any CPU
		{304A48A8-5154-4FF8-934E-24B16B5F94EA}.Release|Any CPU.Build.0 = Release|Any CPU
	EndGlobalSection
	GlobalSection(SolutionProperties) = preSolution
		HideSolutionNode = FALSE
	EndGlobalSection
	GlobalSection(ExtensibilityGlobals) = postSolution
		SolutionGuid = {B9A4FD26-8820-491B-AD97-464746016BE0}
	EndGlobalSection
EndGlobal
